
Microsoft Visual Studio Solution File, Format Version 12.00
# Visual Studio Version 17
VisualStudioVersion = 17.0.32112.339
MinimumVisualStudioVersion = 10.0.40219.1
Project("{9A19103F-16F7-4668-BE54-9A1E7A4F7556}") = "PresentationLayer.PL", "PresentationLayer.PL\PresentationLayer.PL.csproj", "{DF552EBD-E225-42FD-B2C1-DC231B3BE527}"
EndProject
Project("{9A19103F-16F7-4668-BE54-9A1E7A4F7556}") = "BusinessLogic.BAL", "BusinessLogic.BAL\BusinessLogic.BAL.csproj", "{83645F1D-DE46-4618-887F-FF2D0BC5623C}"
EndProject
Project("{9A19103F-16F7-4668-BE54-9A1E7A4F7556}") = "DataAccess.DAL", "DataAccess.DAL\DataAccess.DAL.csproj", "{8CB085E3-8812-4612-AB27-46D7367B289C}"
EndProject
Project("{FAE04EC0-301F-11D3-BF4B-00C04F79EFBC}") = "Domain", "Domain\Domain.csproj", "{6273DCDC-1F97-456B-9AD5-A2C6466F0493}"
EndProject
Global
	GlobalSection(SolutionConfigurationPlatforms) = preSolution
		Debug|Any CPU = Debug|Any CPU
		Release|Any CPU = Release|Any CPU
	EndGlobalSection
	GlobalSection(ProjectConfigurationPlatforms) = postSolution
		{DF552EBD-E225-42FD-B2C1-DC231B3BE527}.Debug|Any CPU.ActiveCfg = Debug|Any CPU
		{DF552EBD-E225-42FD-B2C1-DC231B3BE527}.Debug|Any CPU.Build.0 = Debug|Any CPU
		{DF552EBD-E225-42FD-B2C1-DC231B3BE527}.Release|Any CPU.ActiveCfg = Release|Any CPU
		{DF552EBD-E225-42FD-B2C1-DC231B3BE527}.Release|Any CPU.Build.0 = Release|Any CPU
		{83645F1D-DE46-4618-887F-FF2D0BC5623C}.Debug|Any CPU.ActiveCfg = Debug|Any CPU
		{83645F1D-DE46-4618-887F-FF2D0BC5623C}.Debug|Any CPU.Build.0 = Debug|Any CPU
		{83645F1D-DE46-4618-887F-FF2D0BC5623C}.Release|Any CPU.ActiveCfg = Release|Any CPU
		{83645F1D-DE46-4618-887F-FF2D0BC5623C}.Release|Any CPU.Build.0 = Release|Any CPU
		{8CB085E3-8812-4612-AB27-46D7367B289C}.Debug|Any CPU.ActiveCfg = Debug|Any CPU
		{8CB085E3-8812-4612-AB27-46D7367B289C}.Debug|Any CPU.Build.0 = Debug|Any CPU
		{8CB085E3-8812-4612-AB27-46D7367B289C}.Release|Any CPU.ActiveCfg = Release|Any CPU
		{8CB085E3-8812-4612-AB27-46D7367B289C}.Release|Any CPU.Build.0 = Release|Any CPU
		{6273DCDC-1F97-456B-9AD5-A2C6466F0493}.Debug|Any CPU.ActiveCfg = Debug|Any CPU
		{6273DCDC-1F97-456B-9AD5-A2C6466F0493}.Debug|Any CPU.Build.0 = Debug|Any CPU
		{6273DCDC-1F97-456B-9AD5-A2C6466F0493}.Release|Any CPU.ActiveCfg = Release|Any CPU
		{6273DCDC-1F97-456B-9AD5-A2C6466F0493}.Release|Any CPU.Build.0 = Release|Any CPU
	EndGlobalSection
	GlobalSection(SolutionProperties) = preSolution
		HideSolutionNode = FALSE
	EndGlobalSection
	GlobalSection(ExtensibilityGlobals) = postSolution
		SolutionGuid = {30264808-994D-4FFD-A64E-493A48554548}
	EndGlobalSection
EndGlobal
